// !$*UTF8*$!
{
	archiveVersion = 1;
	classes = {
	};
	objectVersion = 46;
	objects = {

/* Begin PBXBuildFile section */
		451EE3911BB7BCF8002C12EE /* FilterViewController.swift in Sources */ = {isa = PBXBuildFile; fileRef = 451EE3901BB7BCF8002C12EE /* FilterViewController.swift */; settings = {ASSET_TAGS = (); }; };
		451EE3931BB7BD0E002C12EE /* FilterTableViewCell.swift in Sources */ = {isa = PBXBuildFile; fileRef = 451EE3921BB7BD0E002C12EE /* FilterTableViewCell.swift */; settings = {ASSET_TAGS = (); }; };
		451EE3951BB7BD8A002C12EE /* Filters.swift in Sources */ = {isa = PBXBuildFile; fileRef = 451EE3941BB7BD8A002C12EE /* Filters.swift */; settings = {ASSET_TAGS = (); }; };
		4539AA2E1BB8115800356FDC /* DropDownFilterTableViewCell.swift in Sources */ = {isa = PBXBuildFile; fileRef = 4539AA2D1BB8115800356FDC /* DropDownFilterTableViewCell.swift */; settings = {ASSET_TAGS = (); }; };
		454F35261BB71D3C00E940AA /* Restaurant.swift in Sources */ = {isa = PBXBuildFile; fileRef = 454F35251BB71D3C00E940AA /* Restaurant.swift */; settings = {ASSET_TAGS = (); }; };
		454F35281BB71FBF00E940AA /* RestaurantListTableCellTableViewCell.swift in Sources */ = {isa = PBXBuildFile; fileRef = 454F35271BB71FBF00E940AA /* RestaurantListTableCellTableViewCell.swift */; settings = {ASSET_TAGS = (); }; };
		4555744A1BB6847100560CD1 /* AppDelegate.swift in Sources */ = {isa = PBXBuildFile; fileRef = 455574491BB6847100560CD1 /* AppDelegate.swift */; };
		4555744C1BB6847100560CD1 /* RestaurantListViewController.swift in Sources */ = {isa = PBXBuildFile; fileRef = 4555744B1BB6847100560CD1 /* RestaurantListViewController.swift */; };
		4555744F1BB6847100560CD1 /* Main.storyboard in Resources */ = {isa = PBXBuildFile; fileRef = 4555744D1BB6847100560CD1 /* Main.storyboard */; };
		455574511BB6847100560CD1 /* Assets.xcassets in Resources */ = {isa = PBXBuildFile; fileRef = 455574501BB6847100560CD1 /* Assets.xcassets */; };
		455574541BB6847100560CD1 /* LaunchScreen.storyboard in Resources */ = {isa = PBXBuildFile; fileRef = 455574521BB6847100560CD1 /* LaunchScreen.storyboard */; };
		4571FFB31BB693DD000FBF62 /* YalpVars.swift in Sources */ = {isa = PBXBuildFile; fileRef = 4571FFB21BB693DD000FBF62 /* YalpVars.swift */; settings = {ASSET_TAGS = (); }; };
		45D66C691BB6853D00519520 /* YalpClient.swift in Sources */ = {isa = PBXBuildFile; fileRef = 45D66C681BB6853D00519520 /* YalpClient.swift */; settings = {ASSET_TAGS = (); }; };
		45F60F9D1BB7E42E00CD1DF1 /* SectionHeaderCell.swift in Sources */ = {isa = PBXBuildFile; fileRef = 45F60F9C1BB7E42E00CD1DF1 /* SectionHeaderCell.swift */; settings = {ASSET_TAGS = (); }; };
		CFFFF22555970B9B90273185 /* Pods_yalp.framework in Frameworks */ = {isa = PBXBuildFile; fileRef = E0961D7DCE96F086223B06DC /* Pods_yalp.framework */; settings = {ATTRIBUTES = (Weak, ); }; };
/* End PBXBuildFile section */

/* Begin PBXFileReference section */
		075064E89AC8A4C38B1F8A64 /* Pods-yalp.release.xcconfig */ = {isa = PBXFileReference; includeInIndex = 1; lastKnownFileType = text.xcconfig; name = "Pods-yalp.release.xcconfig"; path = "Pods/Target Support Files/Pods-yalp/Pods-yalp.release.xcconfig"; sourceTree = "<group>"; };
		411650E8977024DBC583DAC6 /* Pods-yalp.debug.xcconfig */ = {isa = PBXFileReference; includeInIndex = 1; lastKnownFileType = text.xcconfig; name = "Pods-yalp.debug.xcconfig"; path = "Pods/Target Support Files/Pods-yalp/Pods-yalp.debug.xcconfig"; sourceTree = "<group>"; };
		451EE3901BB7BCF8002C12EE /* FilterViewController.swift */ = {isa = PBXFileReference; fileEncoding = 4; lastKnownFileType = sourcecode.swift; path = FilterViewController.swift; sourceTree = "<group>"; };
		451EE3921BB7BD0E002C12EE /* FilterTableViewCell.swift */ = {isa = PBXFileReference; fileEncoding = 4; lastKnownFileType = sourcecode.swift; path = FilterTableViewCell.swift; sourceTree = "<group>"; };
		451EE3941BB7BD8A002C12EE /* Filters.swift */ = {isa = PBXFileReference; fileEncoding = 4; lastKnownFileType = sourcecode.swift; path = Filters.swift; sourceTree = "<group>"; };
		4539AA2D1BB8115800356FDC /* DropDownFilterTableViewCell.swift */ = {isa = PBXFileReference; fileEncoding = 4; lastKnownFileType = sourcecode.swift; path = DropDownFilterTableViewCell.swift; sourceTree = "<group>"; };
		454F35251BB71D3C00E940AA /* Restaurant.swift */ = {isa = PBXFileReference; fileEncoding = 4; lastKnownFileType = sourcecode.swift; path = Restaurant.swift; sourceTree = "<group>"; };
		454F35271BB71FBF00E940AA /* RestaurantListTableCellTableViewCell.swift */ = {isa = PBXFileReference; fileEncoding = 4; lastKnownFileType = sourcecode.swift; path = RestaurantListTableCellTableViewCell.swift; sourceTree = "<group>"; };
		455574461BB6847100560CD1 /* yalp.app */ = {isa = PBXFileReference; explicitFileType = wrapper.application; includeInIndex = 0; path = yalp.app; sourceTree = BUILT_PRODUCTS_DIR; };
		455574491BB6847100560CD1 /* AppDelegate.swift */ = {isa = PBXFileReference; lastKnownFileType = sourcecode.swift; path = AppDelegate.swift; sourceTree = "<group>"; };
		4555744B1BB6847100560CD1 /* RestaurantListViewController.swift */ = {isa = PBXFileReference; lastKnownFileType = sourcecode.swift; path = RestaurantListViewController.swift; sourceTree = "<group>"; };
		4555744E1BB6847100560CD1 /* Base */ = {isa = PBXFileReference; lastKnownFileType = file.storyboard; name = Base; path = Base.lproj/Main.storyboard; sourceTree = "<group>"; };
		455574501BB6847100560CD1 /* Assets.xcassets */ = {isa = PBXFileReference; lastKnownFileType = folder.assetcatalog; path = Assets.xcassets; sourceTree = "<group>"; };
		455574531BB6847100560CD1 /* Base */ = {isa = PBXFileReference; lastKnownFileType = file.storyboard; name = Base; path = Base.lproj/LaunchScreen.storyboard; sourceTree = "<group>"; };
		455574551BB6847100560CD1 /* Info.plist */ = {isa = PBXFileReference; lastKnownFileType = text.plist.xml; path = Info.plist; sourceTree = "<group>"; };
		4571FFB21BB693DD000FBF62 /* YalpVars.swift */ = {isa = PBXFileReference; fileEncoding = 4; lastKnownFileType = sourcecode.swift; path = YalpVars.swift; sourceTree = "<group>"; };
		45D66C651BB6852E00519520 /* yalp-Bridging-Header.h */ = {isa = PBXFileReference; lastKnownFileType = sourcecode.c.h; path = "yalp-Bridging-Header.h"; sourceTree = "<group>"; };
		45D66C681BB6853D00519520 /* YalpClient.swift */ = {isa = PBXFileReference; fileEncoding = 4; lastKnownFileType = sourcecode.swift; path = YalpClient.swift; sourceTree = "<group>"; };
		45F60F9C1BB7E42E00CD1DF1 /* SectionHeaderCell.swift */ = {isa = PBXFileReference; fileEncoding = 4; lastKnownFileType = sourcecode.swift; path = SectionHeaderCell.swift; sourceTree = "<group>"; };
		E0961D7DCE96F086223B06DC /* Pods_yalp.framework */ = {isa = PBXFileReference; explicitFileType = wrapper.framework; includeInIndex = 0; path = Pods_yalp.framework; sourceTree = BUILT_PRODUCTS_DIR; };
/* End PBXFileReference section */

/* Begin PBXFrameworksBuildPhase section */
		455574431BB6847100560CD1 /* Frameworks */ = {
			isa = PBXFrameworksBuildPhase;
			buildActionMask = 2147483647;
			files = (
				CFFFF22555970B9B90273185 /* Pods_yalp.framework in Frameworks */,
			);
			runOnlyForDeploymentPostprocessing = 0;
		};
/* End PBXFrameworksBuildPhase section */

/* Begin PBXGroup section */
		454F35241BB71D2600E940AA /* Models */ = {
			isa = PBXGroup;
			children = (
				454F35251BB71D3C00E940AA /* Restaurant.swift */,
				451EE3941BB7BD8A002C12EE /* Filters.swift */,
			);
			name = Models;
			sourceTree = "<group>";
		};
		4555743D1BB6847100560CD1 = {
			isa = PBXGroup;
			children = (
				455574481BB6847100560CD1 /* yalp */,
				455574471BB6847100560CD1 /* Products */,
				6CD7A7ED4A74359A03839FA3 /* Pods */,
				9F7318C3B8DEBDC058890F0E /* Frameworks */,
			);
			sourceTree = "<group>";
		};
		455574471BB6847100560CD1 /* Products */ = {
			isa = PBXGroup;
			children = (
				455574461BB6847100560CD1 /* yalp.app */,
			);
			name = Products;
			sourceTree = "<group>";
		};
		455574481BB6847100560CD1 /* yalp */ = {
			isa = PBXGroup;
			children = (
				454F35241BB71D2600E940AA /* Models */,
				45D874D21BB71B2600A1BC81 /* TableViewCells */,
				45D874D11BB71B1E00A1BC81 /* ViewControllers */,
				45D66C641BB6850D00519520 /* YalpClient */,
				455574491BB6847100560CD1 /* AppDelegate.swift */,
				4555744D1BB6847100560CD1 /* Main.storyboard */,
				455574501BB6847100560CD1 /* Assets.xcassets */,
				455574521BB6847100560CD1 /* LaunchScreen.storyboard */,
				455574551BB6847100560CD1 /* Info.plist */,
				45D66C651BB6852E00519520 /* yalp-Bridging-Header.h */,
			);
			path = yalp;
			sourceTree = "<group>";
		};
		45D66C641BB6850D00519520 /* YalpClient */ = {
			isa = PBXGroup;
			children = (
				45D66C681BB6853D00519520 /* YalpClient.swift */,
				4571FFB21BB693DD000FBF62 /* YalpVars.swift */,
			);
			name = YalpClient;
			sourceTree = "<group>";
		};
		45D874D11BB71B1E00A1BC81 /* ViewControllers */ = {
			isa = PBXGroup;
			children = (
				4555744B1BB6847100560CD1 /* RestaurantListViewController.swift */,
				451EE3901BB7BCF8002C12EE /* FilterViewController.swift */,
			);
			name = ViewControllers;
			sourceTree = "<group>";
		};
		45D874D21BB71B2600A1BC81 /* TableViewCells */ = {
			isa = PBXGroup;
			children = (
				454F35271BB71FBF00E940AA /* RestaurantListTableCellTableViewCell.swift */,
				451EE3921BB7BD0E002C12EE /* FilterTableViewCell.swift */,
				45F60F9C1BB7E42E00CD1DF1 /* SectionHeaderCell.swift */,
				4539AA2D1BB8115800356FDC /* DropDownFilterTableViewCell.swift */,
			);
			name = TableViewCells;
			sourceTree = "<group>";
		};
		6CD7A7ED4A74359A03839FA3 /* Pods */ = {
			isa = PBXGroup;
			children = (
				411650E8977024DBC583DAC6 /* Pods-yalp.debug.xcconfig */,
				075064E89AC8A4C38B1F8A64 /* Pods-yalp.release.xcconfig */,
			);
			name = Pods;
			sourceTree = "<group>";
		};
		9F7318C3B8DEBDC058890F0E /* Frameworks */ = {
			isa = PBXGroup;
			children = (
				E0961D7DCE96F086223B06DC /* Pods_yalp.framework */,
			);
			name = Frameworks;
			sourceTree = "<group>";
		};
/* End PBXGroup section */

/* Begin PBXNativeTarget section */
		455574451BB6847100560CD1 /* yalp */ = {
			isa = PBXNativeTarget;
			buildConfigurationList = 455574581BB6847100560CD1 /* Build configuration list for PBXNativeTarget "yalp" */;
			buildPhases = (
				86C0AD756CB836D3D73DE0B4 /* Check Pods Manifest.lock */,
				455574421BB6847100560CD1 /* Sources */,
				455574431BB6847100560CD1 /* Frameworks */,
				455574441BB6847100560CD1 /* Resources */,
				B0BAAE490E3CC538114175F9 /* Embed Pods Frameworks */,
				C6B2ED1844D392C4D6DAD0E0 /* Copy Pods Resources */,
			);
			buildRules = (
			);
			dependencies = (
			);
			name = yalp;
			productName = yalp;
			productReference = 455574461BB6847100560CD1 /* yalp.app */;
			productType = "com.apple.product-type.application";
		};
/* End PBXNativeTarget section */

/* Begin PBXProject section */
		4555743E1BB6847100560CD1 /* Project object */ = {
			isa = PBXProject;
			attributes = {
				LastSwiftUpdateCheck = 0700;
				LastUpgradeCheck = 0700;
				ORGANIZATIONNAME = "Sumeet Shendrikar";
				TargetAttributes = {
					455574451BB6847100560CD1 = {
						CreatedOnToolsVersion = 7.0;
					};
				};
			};
			buildConfigurationList = 455574411BB6847100560CD1 /* Build configuration list for PBXProject "yalp" */;
			compatibilityVersion = "Xcode 3.2";
			developmentRegion = English;
			hasScannedForEncodings = 0;
			knownRegions = (
				en,
				Base,
			);
			mainGroup = 4555743D1BB6847100560CD1;
			productRefGroup = 455574471BB6847100560CD1 /* Products */;
			projectDirPath = "";
			projectRoot = "";
			targets = (
				455574451BB6847100560CD1 /* yalp */,
			);
		};
/* End PBXProject section */

/* Begin PBXResourcesBuildPhase section */
		455574441BB6847100560CD1 /* Resources */ = {
			isa = PBXResourcesBuildPhase;
			buildActionMask = 2147483647;
			files = (
				455574541BB6847100560CD1 /* LaunchScreen.storyboard in Resources */,
				455574511BB6847100560CD1 /* Assets.xcassets in Resources */,
				4555744F1BB6847100560CD1 /* Main.storyboard in Resources */,
			);
			runOnlyForDeploymentPostprocessing = 0;
		};
/* End PBXResourcesBuildPhase section */

/* Begin PBXShellScriptBuildPhase section */
		86C0AD756CB836D3D73DE0B4 /* Check Pods Manifest.lock */ = {
			isa = PBXShellScriptBuildPhase;
			buildActionMask = 2147483647;
			files = (
			);
			inputPaths = (
			);
			name = "Check Pods Manifest.lock";
			outputPaths = (
			);
			runOnlyForDeploymentPostprocessing = 0;
			shellPath = /bin/sh;
			shellScript = "diff \"${PODS_ROOT}/../Podfile.lock\" \"${PODS_ROOT}/Manifest.lock\" > /dev/null\nif [[ $? != 0 ]] ; then\n    cat << EOM\nerror: The sandbox is not in sync with the Podfile.lock. Run 'pod install' or update your CocoaPods installation.\nEOM\n    exit 1\nfi\n";
			showEnvVarsInLog = 0;
		};
		B0BAAE490E3CC538114175F9 /* Embed Pods Frameworks */ = {
			isa = PBXShellScriptBuildPhase;
			buildActionMask = 2147483647;
			files = (
			);
			inputPaths = (
			);
			name = "Embed Pods Frameworks";
			outputPaths = (
			);
			runOnlyForDeploymentPostprocessing = 0;
			shellPath = /bin/sh;
			shellScript = "\"${SRCROOT}/Pods/Target Support Files/Pods-yalp/Pods-yalp-frameworks.sh\"\n";
			showEnvVarsInLog = 0;
		};
		C6B2ED1844D392C4D6DAD0E0 /* Copy Pods Resources */ = {
			isa = PBXShellScriptBuildPhase;
			buildActionMask = 2147483647;
			files = (
			);
			inputPaths = (
			);
			name = "Copy Pods Resources";
			outputPaths = (
			);
			runOnlyForDeploymentPostprocessing = 0;
			shellPath = /bin/sh;
			shellScript = "\"${SRCROOT}/Pods/Target Support Files/Pods-yalp/Pods-yalp-resources.sh\"\n";
			showEnvVarsInLog = 0;
		};
/* End PBXShellScriptBuildPhase section */

/* Begin PBXSourcesBuildPhase section */
		455574421BB6847100560CD1 /* Sources */ = {
			isa = PBXSourcesBuildPhase;
			buildActionMask = 2147483647;
			files = (
				451EE3911BB7BCF8002C12EE /* FilterViewController.swift in Sources */,
				454F35261BB71D3C00E940AA /* Restaurant.swift in Sources */,
				4539AA2E1BB8115800356FDC /* DropDownFilterTableViewCell.swift in Sources */,
				45D66C691BB6853D00519520 /* YalpClient.swift in Sources */,
				4555744C1BB6847100560CD1 /* RestaurantListViewController.swift in Sources */,
				454F35281BB71FBF00E940AA /* RestaurantListTableCellTableViewCell.swift in Sources */,
				451EE3931BB7BD0E002C12EE /* FilterTableViewCell.swift in Sources */,
				45F60F9D1BB7E42E00CD1DF1 /* SectionHeaderCell.swift in Sources */,
				451EE3951BB7BD8A002C12EE /* Filters.swift in Sources */,
				4555744A1BB6847100560CD1 /* AppDelegate.swift in Sources */,
				4571FFB31BB693DD000FBF62 /* YalpVars.swift in Sources */,
			);
			runOnlyForDeploymentPostprocessing = 0;
		};
/* End PBXSourcesBuildPhase section */

/* Begin PBXVariantGroup section */
		4555744D1BB6847100560CD1 /* Main.storyboard */ = {
			isa = PBXVariantGroup;
			children = (
				4555744E1BB6847100560CD1 /* Base */,
			);
			name = Main.storyboard;
			sourceTree = "<group>";
		};
		455574521BB6847100560CD1 /* LaunchScreen.storyboard */ = {
			isa = PBXVariantGroup;
			children = (
				455574531BB6847100560CD1 /* Base */,
			);
			name = LaunchScreen.storyboard;
			sourceTree = "<group>";
		};
/* End PBXVariantGroup section */

/* Begin XCBuildConfiguration section */
		455574561BB6847100560CD1 /* Debug */ = {
			isa = XCBuildConfiguration;
			buildSettings = {
				ALWAYS_SEARCH_USER_PATHS = NO;
				CLANG_CXX_LANGUAGE_STANDARD = "gnu++0x";
				CLANG_CXX_LIBRARY = "libc++";
				CLANG_ENABLE_MODULES = YES;
				CLANG_ENABLE_OBJC_ARC = YES;
				CLANG_WARN_BOOL_CONVERSION = YES;
				CLANG_WARN_CONSTANT_CONVERSION = YES;
				CLANG_WARN_DIRECT_OBJC_ISA_USAGE = YES_ERROR;
				CLANG_WARN_EMPTY_BODY = YES;
				CLANG_WARN_ENUM_CONVERSION = YES;
				CLANG_WARN_INT_CONVERSION = YES;
				CLANG_WARN_OBJC_ROOT_CLASS = YES_ERROR;
				CLANG_WARN_UNREACHABLE_CODE = YES;
				CLANG_WARN__DUPLICATE_METHOD_MATCH = YES;
				"CODE_SIGN_IDENTITY[sdk=iphoneos*]" = "iPhone Developer";
				COPY_PHASE_STRIP = NO;
				DEBUG_INFORMATION_FORMAT = dwarf;
				ENABLE_STRICT_OBJC_MSGSEND = YES;
				ENABLE_TESTABILITY = YES;
				GCC_C_LANGUAGE_STANDARD = gnu99;
				GCC_DYNAMIC_NO_PIC = NO;
				GCC_NO_COMMON_BLOCKS = YES;
				GCC_OPTIMIZATION_LEVEL = 0;
				GCC_PREPROCESSOR_DEFINITIONS = (
					"DEBUG=1",
					"$(inherited)",
				);
				GCC_WARN_64_TO_32_BIT_CONVERSION = YES;
				GCC_WARN_ABOUT_RETURN_TYPE = YES_ERROR;
				GCC_WARN_UNDECLARED_SELECTOR = YES;
				GCC_WARN_UNINITIALIZED_AUTOS = YES_AGGRESSIVE;
				GCC_WARN_UNUSED_FUNCTION = YES;
				GCC_WARN_UNUSED_VARIABLE = YES;
				IPHONEOS_DEPLOYMENT_TARGET = 9.0;
				MTL_ENABLE_DEBUG_INFO = YES;
				ONLY_ACTIVE_ARCH = YES;
				SDKROOT = iphoneos;
				SWIFT_OPTIMIZATION_LEVEL = "-Onone";
				TARGETED_DEVICE_FAMILY = "1,2";
			};
			name = Debug;
		};
		455574571BB6847100560CD1 /* Release */ = {
			isa = XCBuildConfiguration;
			buildSettings = {
				ALWAYS_SEARCH_USER_PATHS = NO;
				CLANG_CXX_LANGUAGE_STANDARD = "gnu++0x";
				CLANG_CXX_LIBRARY = "libc++";
				CLANG_ENABLE_MODULES = YES;
				CLANG_ENABLE_OBJC_ARC = YES;
				CLANG_WARN_BOOL_CONVERSION = YES;
				CLANG_WARN_CONSTANT_CONVERSION = YES;
				CLANG_WARN_DIRECT_OBJC_ISA_USAGE = YES_ERROR;
				CLANG_WARN_EMPTY_BODY = YES;
				CLANG_WARN_ENUM_CONVERSION = YES;
				CLANG_WARN_INT_CONVERSION = YES;
				CLANG_WARN_OBJC_ROOT_CLASS = YES_ERROR;
				CLANG_WARN_UNREACHABLE_CODE = YES;
				CLANG_WARN__DUPLICATE_METHOD_MATCH = YES;
				"CODE_SIGN_IDENTITY[sdk=iphoneos*]" = "iPhone Developer";
				COPY_PHASE_STRIP = NO;
				DEBUG_INFORMATION_FORMAT = "dwarf-with-dsym";
				ENABLE_NS_ASSERTIONS = NO;
				ENABLE_STRICT_OBJC_MSGSEND = YES;
				GCC_C_LANGUAGE_STANDARD = gnu99;
				GCC_NO_COMMON_BLOCKS = YES;
				GCC_WARN_64_TO_32_BIT_CONVERSION = YES;
				GCC_WARN_ABOUT_RETURN_TYPE = YES_ERROR;
				GCC_WARN_UNDECLARED_SELECTOR = YES;
				GCC_WARN_UNINITIALIZED_AUTOS = YES_AGGRESSIVE;
				GCC_WARN_UNUSED_FUNCTION = YES;
				GCC_WARN_UNUSED_VARIABLE = YES;
				IPHONEOS_DEPLOYMENT_TARGET = 9.0;
				MTL_ENABLE_DEBUG_INFO = NO;
				SDKROOT = iphoneos;
				TARGETED_DEVICE_FAMILY = "1,2";
				VALIDATE_PRODUCT = YES;
			};
			name = Release;
		};
		455574591BB6847100560CD1 /* Debug */ = {
			isa = XCBuildConfiguration;
			baseConfigurationReference = 411650E8977024DBC583DAC6 /* Pods-yalp.debug.xcconfig */;
			buildSettings = {
				ASSETCATALOG_COMPILER_APPICON_NAME = AppIcon;
				CLANG_ENABLE_MODULES = YES;
				INFOPLIST_FILE = yalp/Info.plist;
				LD_RUNPATH_SEARCH_PATHS = "$(inherited) @executable_path/Frameworks";
				PRODUCT_BUNDLE_IDENTIFIER = com.codepath.yalp;
				PRODUCT_NAME = "$(TARGET_NAME)";
				SWIFT_OBJC_BRIDGING_HEADER = "yalp/yalp-Bridging-Header.h";
				SWIFT_OPTIMIZATION_LEVEL = "-Onone";
			};
			name = Debug;
		};
		4555745A1BB6847100560CD1 /* Release */ = {
			isa = XCBuildConfiguration;
			baseConfigurationReference = 075064E89AC8A4C38B1F8A64 /* Pods-yalp.release.xcconfig */;
			buildSettings = {
				ASSETCATALOG_COMPILER_APPICON_NAME = AppIcon;
				CLANG_ENABLE_MODULES = YES;
				INFOPLIST_FILE = yalp/Info.plist;
				LD_RUNPATH_SEARCH_PATHS = "$(inherited) @executable_path/Frameworks";
				PRODUCT_BUNDLE_IDENTIFIER = com.codepath.yalp;
				PRODUCT_NAME = "$(TARGET_NAME)";
				SWIFT_OBJC_BRIDGING_HEADER = "yalp/yalp-Bridging-Header.h";
			};
			name = Release;
		};
/* End XCBuildConfiguration section */

/* Begin XCConfigurationList section */
		455574411BB6847100560CD1 /* Build configuration list for PBXProject "yalp" */ = {
			isa = XCConfigurationList;
			buildConfigurations = (
				455574561BB6847100560CD1 /* Debug */,
				455574571BB6847100560CD1 /* Release */,
			);
			defaultConfigurationIsVisible = 0;
			defaultConfigurationName = Release;
		};
		455574581BB6847100560CD1 /* Build configuration list for PBXNativeTarget "yalp" */ = {
			isa = XCConfigurationList;
			buildConfigurations = (
				455574591BB6847100560CD1 /* Debug */,
				4555745A1BB6847100560CD1 /* Release */,
			);
			defaultConfigurationIsVisible = 0;
			defaultConfigurationName = Release;
		};
/* End XCConfigurationList section */
	};
	rootObject = 4555743E1BB6847100560CD1 /* Project object */;
}
